
Microsoft Visual Studio Solution File, Format Version 12.00
# Visual Studio Version 17
VisualStudioVersion = 17.5.33627.172
MinimumVisualStudioVersion = 10.0.40219.1
Project("{FAE04EC0-301F-11D3-BF4B-00C04F79EFBC}") = "Kodetime med terje", "Kodetime med terje.csproj", "{48B52A6F-48FA-4F23-B9DF-04531D6AAF61}"
EndProject
Global
	GlobalSection(SolutionConfigurationPlatforms) = preSolution
		Debug|Any CPU = Debug|Any CPU
		Release|Any CPU = Release|Any CPU
	EndGlobalSection
	GlobalSection(ProjectConfigurationPlatforms) = postSolution
		{48B52A6F-48FA-4F23-B9DF-04531D6AAF61}.Debug|Any CPU.ActiveCfg = Debug|Any CPU
		{48B52A6F-48FA-4F23-B9DF-04531D6AAF61}.Debug|Any CPU.Build.0 = Debug|Any CPU
		{48B52A6F-48FA-4F23-B9DF-04531D6AAF61}.Release|Any CPU.ActiveCfg = Release|Any CPU
		{48B52A6F-48FA-4F23-B9DF-04531D6AAF61}.Release|Any CPU.Build.0 = Release|Any CPU
	EndGlobalSection
	GlobalSection(SolutionProperties) = preSolution
		HideSolutionNode = FALSE
	EndGlobalSection
	GlobalSection(ExtensibilityGlobals) = postSolution
		SolutionGuid = {6A26C776-720E-4DF7-A7D2-F323F64956EB}
	EndGlobalSection
EndGlobal
