
Microsoft Visual Studio Solution File, Format Version 12.00
# Visual Studio Version 17
VisualStudioVersion = 17.5.33627.172
MinimumVisualStudioVersion = 10.0.40219.1
Project("{FAE04EC0-301F-11D3-BF4B-00C04F79EFBC}") = "Hobby Generator", "Hobby Generator.csproj", "{F356F83F-DA7E-4133-B137-8F76067B4C99}"
EndProject
Global
	GlobalSection(SolutionConfigurationPlatforms) = preSolution
		Debug|Any CPU = Debug|Any CPU
		Release|Any CPU = Release|Any CPU
	EndGlobalSection
	GlobalSection(ProjectConfigurationPlatforms) = postSolution
		{F356F83F-DA7E-4133-B137-8F76067B4C99}.Debug|Any CPU.ActiveCfg = Debug|Any CPU
		{F356F83F-DA7E-4133-B137-8F76067B4C99}.Debug|Any CPU.Build.0 = Debug|Any CPU
		{F356F83F-DA7E-4133-B137-8F76067B4C99}.Release|Any CPU.ActiveCfg = Release|Any CPU
		{F356F83F-DA7E-4133-B137-8F76067B4C99}.Release|Any CPU.Build.0 = Release|Any CPU
	EndGlobalSection
	GlobalSection(SolutionProperties) = preSolution
		HideSolutionNode = FALSE
	EndGlobalSection
	GlobalSection(ExtensibilityGlobals) = postSolution
		SolutionGuid = {EBD72B1E-695E-4A6F-B9A9-6C1D41D6968B}
	EndGlobalSection
EndGlobal
