
Microsoft Visual Studio Solution File, Format Version 12.00
# Visual Studio Version 17
VisualStudioVersion = 17.5.33627.172
MinimumVisualStudioVersion = 10.0.40219.1
Project("{FAE04EC0-301F-11D3-BF4B-00C04F79EFBC}") = "debugging practice", "debugging practice\debugging practice.csproj", "{5909CA15-8A27-4384-AA49-918A0E8BEB31}"
EndProject
Global
	GlobalSection(SolutionConfigurationPlatforms) = preSolution
		Debug|Any CPU = Debug|Any CPU
		Release|Any CPU = Release|Any CPU
	EndGlobalSection
	GlobalSection(ProjectConfigurationPlatforms) = postSolution
		{5909CA15-8A27-4384-AA49-918A0E8BEB31}.Debug|Any CPU.ActiveCfg = Debug|Any CPU
		{5909CA15-8A27-4384-AA49-918A0E8BEB31}.Debug|Any CPU.Build.0 = Debug|Any CPU
		{5909CA15-8A27-4384-AA49-918A0E8BEB31}.Release|Any CPU.ActiveCfg = Release|Any CPU
		{5909CA15-8A27-4384-AA49-918A0E8BEB31}.Release|Any CPU.Build.0 = Release|Any CPU
	EndGlobalSection
	GlobalSection(SolutionProperties) = preSolution
		HideSolutionNode = FALSE
	EndGlobalSection
	GlobalSection(ExtensibilityGlobals) = postSolution
		SolutionGuid = {CF8B24DC-3522-4E50-9538-F949DCEA6B93}
	EndGlobalSection
EndGlobal
